
Microsoft Visual Studio Solution File, Format Version 12.00
# Visual Studio 2012
Project("{FAE04EC0-301F-11D3-BF4B-00C04F79EFBC}") = "WebFormProject", "WebFormProject\WebFormProject.csproj", "{D9214801-A553-4493-87DE-683761B7B998}"
EndProject
Project("{FAE04EC0-301F-11D3-BF4B-00C04F79EFBC}") = "WebFormProject.Tests", "WebFormProject.Tests\WebFormProject.Tests.csproj", "{7AFA5D73-A63D-42F7-B7CE-42EEBDA81DE5}"
EndProject
Global
	GlobalSection(SolutionConfigurationPlatforms) = preSolution
		Debug|Any CPU = Debug|Any CPU
		Release|Any CPU = Release|Any CPU
	EndGlobalSection
	GlobalSection(ProjectConfigurationPlatforms) = postSolution
		{D9214801-A553-4493-87DE-683761B7B998}.Debug|Any CPU.ActiveCfg = Debug|Any CPU
		{D9214801-A553-4493-87DE-683761B7B998}.Debug|Any CPU.Build.0 = Debug|Any CPU
		{D9214801-A553-4493-87DE-683761B7B998}.Release|Any CPU.ActiveCfg = Release|Any CPU
		{D9214801-A553-4493-87DE-683761B7B998}.Release|Any CPU.Build.0 = Release|Any CPU
		{7AFA5D73-A63D-42F7-B7CE-42EEBDA81DE5}.Debug|Any CPU.ActiveCfg = Debug|Any CPU
		{7AFA5D73-A63D-42F7-B7CE-42EEBDA81DE5}.Debug|Any CPU.Build.0 = Debug|Any CPU
		{7AFA5D73-A63D-42F7-B7CE-42EEBDA81DE5}.Release|Any CPU.ActiveCfg = Release|Any CPU
		{7AFA5D73-A63D-42F7-B7CE-42EEBDA81DE5}.Release|Any CPU.Build.0 = Release|Any CPU
	EndGlobalSection
EndGlobal
