
Microsoft Visual Studio Solution File, Format Version 12.00
# Visual Studio 2012
Project("{FAE04EC0-301F-11D3-BF4B-00C04F79EFBC}") = "Base", "Base\Base.csproj", "{A121FD07-DFEC-4EE4-A847-281FF80A4557}"
EndProject
Global
	GlobalSection(SolutionConfigurationPlatforms) = preSolution
		Debug|x86 = Debug|x86
		Release|x86 = Release|x86
	EndGlobalSection
	GlobalSection(ProjectConfigurationPlatforms) = postSolution
		{A121FD07-DFEC-4EE4-A847-281FF80A4557}.Debug|x86.ActiveCfg = Debug|x86
		{A121FD07-DFEC-4EE4-A847-281FF80A4557}.Debug|x86.Build.0 = Debug|x86
		{A121FD07-DFEC-4EE4-A847-281FF80A4557}.Release|x86.ActiveCfg = Release|x86
		{A121FD07-DFEC-4EE4-A847-281FF80A4557}.Release|x86.Build.0 = Release|x86
	EndGlobalSection
EndGlobal
