// !$*UTF8*$!
{
	archiveVersion = 1;
	classes = {
	};
	objectVersion = 46;
	objects = {

/* Begin PBXBuildFile section */
		5FCDD8741EA495FE00875D6F /* main.m in Sources */ = {isa = PBXBuildFile; fileRef = 5FCDD8731EA495FE00875D6F /* main.m */; };
		5FCDD8771EA495FE00875D6F /* AppDelegate.m in Sources */ = {isa = PBXBuildFile; fileRef = 5FCDD8761EA495FE00875D6F /* AppDelegate.m */; };
		5FCDD87A1EA495FE00875D6F /* ViewController.m in Sources */ = {isa = PBXBuildFile; fileRef = 5FCDD8791EA495FE00875D6F /* ViewController.m */; };
		5FCDD87D1EA495FE00875D6F /* Main.storyboard in Resources */ = {isa = PBXBuildFile; fileRef = 5FCDD87B1EA495FE00875D6F /* Main.storyboard */; };
		5FCDD87F1EA495FE00875D6F /* Assets.xcassets in Resources */ = {isa = PBXBuildFile; fileRef = 5FCDD87E1EA495FE00875D6F /* Assets.xcassets */; };
		5FCDD8821EA495FE00875D6F /* LaunchScreen.storyboard in Resources */ = {isa = PBXBuildFile; fileRef = 5FCDD8801EA495FE00875D6F /* LaunchScreen.storyboard */; };
		5FCDD88D1EA495FE00875D6F /* HHHTests.m in Sources */ = {isa = PBXBuildFile; fileRef = 5FCDD88C1EA495FE00875D6F /* HHHTests.m */; };
		5FCDD8981EA495FE00875D6F /* HHHUITests.m in Sources */ = {isa = PBXBuildFile; fileRef = 5FCDD8971EA495FE00875D6F /* HHHUITests.m */; };
		5FCDD8C91EA49B2100875D6F /* AFHTTPSessionManager.m in Sources */ = {isa = PBXBuildFile; fileRef = 5FCDD8A81EA49B2100875D6F /* AFHTTPSessionManager.m */; };
		5FCDD8CA1EA49B2100875D6F /* AFNetworkReachabilityManager.m in Sources */ = {isa = PBXBuildFile; fileRef = 5FCDD8AB1EA49B2100875D6F /* AFNetworkReachabilityManager.m */; };
		5FCDD8CB1EA49B2100875D6F /* AFSecurityPolicy.m in Sources */ = {isa = PBXBuildFile; fileRef = 5FCDD8AD1EA49B2100875D6F /* AFSecurityPolicy.m */; };
		5FCDD8CC1EA49B2100875D6F /* AFURLRequestSerialization.m in Sources */ = {isa = PBXBuildFile; fileRef = 5FCDD8AF1EA49B2100875D6F /* AFURLRequestSerialization.m */; };
		5FCDD8CD1EA49B2100875D6F /* AFURLResponseSerialization.m in Sources */ = {isa = PBXBuildFile; fileRef = 5FCDD8B11EA49B2100875D6F /* AFURLResponseSerialization.m */; };
		5FCDD8CE1EA49B2100875D6F /* AFURLSessionManager.m in Sources */ = {isa = PBXBuildFile; fileRef = 5FCDD8B31EA49B2100875D6F /* AFURLSessionManager.m */; };
		5FCDD8CF1EA49B2100875D6F /* AFAutoPurgingImageCache.m in Sources */ = {isa = PBXBuildFile; fileRef = 5FCDD8B61EA49B2100875D6F /* AFAutoPurgingImageCache.m */; };
		5FCDD8D01EA49B2100875D6F /* AFImageDownloader.m in Sources */ = {isa = PBXBuildFile; fileRef = 5FCDD8B81EA49B2100875D6F /* AFImageDownloader.m */; };
		5FCDD8D11EA49B2100875D6F /* AFNetworkActivityIndicatorManager.m in Sources */ = {isa = PBXBuildFile; fileRef = 5FCDD8BA1EA49B2100875D6F /* AFNetworkActivityIndicatorManager.m */; };
		5FCDD8D21EA49B2100875D6F /* UIActivityIndicatorView+AFNetworking.m in Sources */ = {isa = PBXBuildFile; fileRef = 5FCDD8BC1EA49B2100875D6F /* UIActivityIndicatorView+AFNetworking.m */; };
		5FCDD8D31EA49B2100875D6F /* UIButton+AFNetworking.m in Sources */ = {isa = PBXBuildFile; fileRef = 5FCDD8BE1EA49B2100875D6F /* UIButton+AFNetworking.m */; };
		5FCDD8D41EA49B2100875D6F /* UIImageView+AFNetworking.m in Sources */ = {isa = PBXBuildFile; fileRef = 5FCDD8C11EA49B2100875D6F /* UIImageView+AFNetworking.m */; };
		5FCDD8D51EA49B2100875D6F /* UIProgressView+AFNetworking.m in Sources */ = {isa = PBXBuildFile; fileRef = 5FCDD8C41EA49B2100875D6F /* UIProgressView+AFNetworking.m */; };
		5FCDD8D61EA49B2100875D6F /* UIRefreshControl+AFNetworking.m in Sources */ = {isa = PBXBuildFile; fileRef = 5FCDD8C61EA49B2100875D6F /* UIRefreshControl+AFNetworking.m */; };
		5FCDD8D71EA49B2100875D6F /* UIWebView+AFNetworking.m in Sources */ = {isa = PBXBuildFile; fileRef = 5FCDD8C81EA49B2100875D6F /* UIWebView+AFNetworking.m */; };
/* End PBXBuildFile section */

/* Begin PBXContainerItemProxy section */
		5FCDD8891EA495FE00875D6F /* PBXContainerItemProxy */ = {
			isa = PBXContainerItemProxy;
			containerPortal = 5FCDD8671EA495FE00875D6F /* Project object */;
			proxyType = 1;
			remoteGlobalIDString = 5FCDD86E1EA495FE00875D6F;
			remoteInfo = HHH;
		};
		5FCDD8941EA495FE00875D6F /* PBXContainerItemProxy */ = {
			isa = PBXContainerItemProxy;
			containerPortal = 5FCDD8671EA495FE00875D6F /* Project object */;
			proxyType = 1;
			remoteGlobalIDString = 5FCDD86E1EA495FE00875D6F;
			remoteInfo = HHH;
		};
/* End PBXContainerItemProxy section */

/* Begin PBXFileReference section */
		5FCDD86F1EA495FE00875D6F /* HHH.app */ = {isa = PBXFileReference; explicitFileType = wrapper.application; includeInIndex = 0; path = HHH.app; sourceTree = BUILT_PRODUCTS_DIR; };
		5FCDD8731EA495FE00875D6F /* main.m */ = {isa = PBXFileReference; lastKnownFileType = sourcecode.c.objc; path = main.m; sourceTree = "<group>"; };
		5FCDD8751EA495FE00875D6F /* AppDelegate.h */ = {isa = PBXFileReference; lastKnownFileType = sourcecode.c.h; path = AppDelegate.h; sourceTree = "<group>"; };
		5FCDD8761EA495FE00875D6F /* AppDelegate.m */ = {isa = PBXFileReference; lastKnownFileType = sourcecode.c.objc; path = AppDelegate.m; sourceTree = "<group>"; };
		5FCDD8781EA495FE00875D6F /* ViewController.h */ = {isa = PBXFileReference; lastKnownFileType = sourcecode.c.h; path = ViewController.h; sourceTree = "<group>"; };
		5FCDD8791EA495FE00875D6F /* ViewController.m */ = {isa = PBXFileReference; lastKnownFileType = sourcecode.c.objc; path = ViewController.m; sourceTree = "<group>"; };
		5FCDD87C1EA495FE00875D6F /* Base */ = {isa = PBXFileReference; lastKnownFileType = file.storyboard; name = Base; path = Base.lproj/Main.storyboard; sourceTree = "<group>"; };
		5FCDD87E1EA495FE00875D6F /* Assets.xcassets */ = {isa = PBXFileReference; lastKnownFileType = folder.assetcatalog; path = Assets.xcassets; sourceTree = "<group>"; };
		5FCDD8811EA495FE00875D6F /* Base */ = {isa = PBXFileReference; lastKnownFileType = file.storyboard; name = Base; path = Base.lproj/LaunchScreen.storyboard; sourceTree = "<group>"; };
		5FCDD8831EA495FE00875D6F /* Info.plist */ = {isa = PBXFileReference; lastKnownFileType = text.plist.xml; path = Info.plist; sourceTree = "<group>"; };
		5FCDD8881EA495FE00875D6F /* HHHTests.xctest */ = {isa = PBXFileReference; explicitFileType = wrapper.cfbundle; includeInIndex = 0; path = HHHTests.xctest; sourceTree = BUILT_PRODUCTS_DIR; };
		5FCDD88C1EA495FE00875D6F /* HHHTests.m */ = {isa = PBXFileReference; lastKnownFileType = sourcecode.c.objc; path = HHHTests.m; sourceTree = "<group>"; };
		5FCDD88E1EA495FE00875D6F /* Info.plist */ = {isa = PBXFileReference; lastKnownFileType = text.plist.xml; path = Info.plist; sourceTree = "<group>"; };
		5FCDD8931EA495FE00875D6F /* HHHUITests.xctest */ = {isa = PBXFileReference; explicitFileType = wrapper.cfbundle; includeInIndex = 0; path = HHHUITests.xctest; sourceTree = BUILT_PRODUCTS_DIR; };
		5FCDD8971EA495FE00875D6F /* HHHUITests.m */ = {isa = PBXFileReference; lastKnownFileType = sourcecode.c.objc; path = HHHUITests.m; sourceTree = "<group>"; };
		5FCDD8991EA495FE00875D6F /* Info.plist */ = {isa = PBXFileReference; lastKnownFileType = text.plist.xml; path = Info.plist; sourceTree = "<group>"; };
		5FCDD8A71EA49B2100875D6F /* AFHTTPSessionManager.h */ = {isa = PBXFileReference; fileEncoding = 4; lastKnownFileType = sourcecode.c.h; path = AFHTTPSessionManager.h; sourceTree = "<group>"; };
		5FCDD8A81EA49B2100875D6F /* AFHTTPSessionManager.m */ = {isa = PBXFileReference; fileEncoding = 4; lastKnownFileType = sourcecode.c.objc; path = AFHTTPSessionManager.m; sourceTree = "<group>"; };
		5FCDD8A91EA49B2100875D6F /* AFNetworking.h */ = {isa = PBXFileReference; fileEncoding = 4; lastKnownFileType = sourcecode.c.h; path = AFNetworking.h; sourceTree = "<group>"; };
		5FCDD8AA1EA49B2100875D6F /* AFNetworkReachabilityManager.h */ = {isa = PBXFileReference; fileEncoding = 4; lastKnownFileType = sourcecode.c.h; path = AFNetworkReachabilityManager.h; sourceTree = "<group>"; };
		5FCDD8AB1EA49B2100875D6F /* AFNetworkReachabilityManager.m */ = {isa = PBXFileReference; fileEncoding = 4; lastKnownFileType = sourcecode.c.objc; path = AFNetworkReachabilityManager.m; sourceTree = "<group>"; };
		5FCDD8AC1EA49B2100875D6F /* AFSecurityPolicy.h */ = {isa = PBXFileReference; fileEncoding = 4; lastKnownFileType = sourcecode.c.h; path = AFSecurityPolicy.h; sourceTree = "<group>"; };
		5FCDD8AD1EA49B2100875D6F /* AFSecurityPolicy.m */ = {isa = PBXFileReference; fileEncoding = 4; lastKnownFileType = sourcecode.c.objc; path = AFSecurityPolicy.m; sourceTree = "<group>"; };
		5FCDD8AE1EA49B2100875D6F /* AFURLRequestSerialization.h */ = {isa = PBXFileReference; fileEncoding = 4; lastKnownFileType = sourcecode.c.h; path = AFURLRequestSerialization.h; sourceTree = "<group>"; };
		5FCDD8AF1EA49B2100875D6F /* AFURLRequestSerialization.m */ = {isa = PBXFileReference; fileEncoding = 4; lastKnownFileType = sourcecode.c.objc; path = AFURLRequestSerialization.m; sourceTree = "<group>"; };
		5FCDD8B01EA49B2100875D6F /* AFURLResponseSerialization.h */ = {isa = PBXFileReference; fileEncoding = 4; lastKnownFileType = sourcecode.c.h; path = AFURLResponseSerialization.h; sourceTree = "<group>"; };
		5FCDD8B11EA49B2100875D6F /* AFURLResponseSerialization.m */ = {isa = PBXFileReference; fileEncoding = 4; lastKnownFileType = sourcecode.c.objc; path = AFURLResponseSerialization.m; sourceTree = "<group>"; };
		5FCDD8B21EA49B2100875D6F /* AFURLSessionManager.h */ = {isa = PBXFileReference; fileEncoding = 4; lastKnownFileType = sourcecode.c.h; path = AFURLSessionManager.h; sourceTree = "<group>"; };
		5FCDD8B31EA49B2100875D6F /* AFURLSessionManager.m */ = {isa = PBXFileReference; fileEncoding = 4; lastKnownFileType = sourcecode.c.objc; path = AFURLSessionManager.m; sourceTree = "<group>"; };
		5FCDD8B51EA49B2100875D6F /* AFAutoPurgingImageCache.h */ = {isa = PBXFileReference; fileEncoding = 4; lastKnownFileType = sourcecode.c.h; path = AFAutoPurgingImageCache.h; sourceTree = "<group>"; };
		5FCDD8B61EA49B2100875D6F /* AFAutoPurgingImageCache.m */ = {isa = PBXFileReference; fileEncoding = 4; lastKnownFileType = sourcecode.c.objc; path = AFAutoPurgingImageCache.m; sourceTree = "<group>"; };
		5FCDD8B71EA49B2100875D6F /* AFImageDownloader.h */ = {isa = PBXFileReference; fileEncoding = 4; lastKnownFileType = sourcecode.c.h; path = AFImageDownloader.h; sourceTree = "<group>"; };
		5FCDD8B81EA49B2100875D6F /* AFImageDownloader.m */ = {isa = PBXFileReference; fileEncoding = 4; lastKnownFileType = sourcecode.c.objc; path = AFImageDownloader.m; sourceTree = "<group>"; };
		5FCDD8B91EA49B2100875D6F /* AFNetworkActivityIndicatorManager.h */ = {isa = PBXFileReference; fileEncoding = 4; lastKnownFileType = sourcecode.c.h; path = AFNetworkActivityIndicatorManager.h; sourceTree = "<group>"; };
		5FCDD8BA1EA49B2100875D6F /* AFNetworkActivityIndicatorManager.m */ = {isa = PBXFileReference; fileEncoding = 4; lastKnownFileType = sourcecode.c.objc; path = AFNetworkActivityIndicatorManager.m; sourceTree = "<group>"; };
		5FCDD8BB1EA49B2100875D6F /* UIActivityIndicatorView+AFNetworking.h */ = {isa = PBXFileReference; fileEncoding = 4; lastKnownFileType = sourcecode.c.h; path = "UIActivityIndicatorView+AFNetworking.h"; sourceTree = "<group>"; };
		5FCDD8BC1EA49B2100875D6F /* UIActivityIndicatorView+AFNetworking.m */ = {isa = PBXFileReference; fileEncoding = 4; lastKnownFileType = sourcecode.c.objc; path = "UIActivityIndicatorView+AFNetworking.m"; sourceTree = "<group>"; };
		5FCDD8BD1EA49B2100875D6F /* UIButton+AFNetworking.h */ = {isa = PBXFileReference; fileEncoding = 4; lastKnownFileType = sourcecode.c.h; path = "UIButton+AFNetworking.h"; sourceTree = "<group>"; };
		5FCDD8BE1EA49B2100875D6F /* UIButton+AFNetworking.m */ = {isa = PBXFileReference; fileEncoding = 4; lastKnownFileType = sourcecode.c.objc; path = "UIButton+AFNetworking.m"; sourceTree = "<group>"; };
		5FCDD8BF1EA49B2100875D6F /* UIImage+AFNetworking.h */ = {isa = PBXFileReference; fileEncoding = 4; lastKnownFileType = sourcecode.c.h; path = "UIImage+AFNetworking.h"; sourceTree = "<group>"; };
		5FCDD8C01EA49B2100875D6F /* UIImageView+AFNetworking.h */ = {isa = PBXFileReference; fileEncoding = 4; lastKnownFileType = sourcecode.c.h; path = "UIImageView+AFNetworking.h"; sourceTree = "<group>"; };
		5FCDD8C11EA49B2100875D6F /* UIImageView+AFNetworking.m */ = {isa = PBXFileReference; fileEncoding = 4; lastKnownFileType = sourcecode.c.objc; path = "UIImageView+AFNetworking.m"; sourceTree = "<group>"; };
		5FCDD8C21EA49B2100875D6F /* UIKit+AFNetworking.h */ = {isa = PBXFileReference; fileEncoding = 4; lastKnownFileType = sourcecode.c.h; path = "UIKit+AFNetworking.h"; sourceTree = "<group>"; };
		5FCDD8C31EA49B2100875D6F /* UIProgressView+AFNetworking.h */ = {isa = PBXFileReference; fileEncoding = 4; lastKnownFileType = sourcecode.c.h; path = "UIProgressView+AFNetworking.h"; sourceTree = "<group>"; };
		5FCDD8C41EA49B2100875D6F /* UIProgressView+AFNetworking.m */ = {isa = PBXFileReference; fileEncoding = 4; lastKnownFileType = sourcecode.c.objc; path = "UIProgressView+AFNetworking.m"; sourceTree = "<group>"; };
		5FCDD8C51EA49B2100875D6F /* UIRefreshControl+AFNetworking.h */ = {isa = PBXFileReference; fileEncoding = 4; lastKnownFileType = sourcecode.c.h; path = "UIRefreshControl+AFNetworking.h"; sourceTree = "<group>"; };
		5FCDD8C61EA49B2100875D6F /* UIRefreshControl+AFNetworking.m */ = {isa = PBXFileReference; fileEncoding = 4; lastKnownFileType = sourcecode.c.objc; path = "UIRefreshControl+AFNetworking.m"; sourceTree = "<group>"; };
		5FCDD8C71EA49B2100875D6F /* UIWebView+AFNetworking.h */ = {isa = PBXFileReference; fileEncoding = 4; lastKnownFileType = sourcecode.c.h; path = "UIWebView+AFNetworking.h"; sourceTree = "<group>"; };
		5FCDD8C81EA49B2100875D6F /* UIWebView+AFNetworking.m */ = {isa = PBXFileReference; fileEncoding = 4; lastKnownFileType = sourcecode.c.objc; path = "UIWebView+AFNetworking.m"; sourceTree = "<group>"; };
/* End PBXFileReference section */

/* Begin PBXFrameworksBuildPhase section */
		5FCDD86C1EA495FE00875D6F /* Frameworks */ = {
			isa = PBXFrameworksBuildPhase;
			buildActionMask = 2147483647;
			files = (
			);
			runOnlyForDeploymentPostprocessing = 0;
		};
		5FCDD8851EA495FE00875D6F /* Frameworks */ = {
			isa = PBXFrameworksBuildPhase;
			buildActionMask = 2147483647;
			files = (
			);
			runOnlyForDeploymentPostprocessing = 0;
		};
		5FCDD8901EA495FE00875D6F /* Frameworks */ = {
			isa = PBXFrameworksBuildPhase;
			buildActionMask = 2147483647;
			files = (
			);
			runOnlyForDeploymentPostprocessing = 0;
		};
/* End PBXFrameworksBuildPhase section */

/* Begin PBXGroup section */
		5FCDD8661EA495FE00875D6F = {
			isa = PBXGroup;
			children = (
				5FCDD8711EA495FE00875D6F /* HHH */,
				5FCDD88B1EA495FE00875D6F /* HHHTests */,
				5FCDD8961EA495FE00875D6F /* HHHUITests */,
				5FCDD8701EA495FE00875D6F /* Products */,
			);
			sourceTree = "<group>";
		};
		5FCDD8701EA495FE00875D6F /* Products */ = {
			isa = PBXGroup;
			children = (
				5FCDD86F1EA495FE00875D6F /* HHH.app */,
				5FCDD8881EA495FE00875D6F /* HHHTests.xctest */,
				5FCDD8931EA495FE00875D6F /* HHHUITests.xctest */,
			);
			name = Products;
			sourceTree = "<group>";
		};
		5FCDD8711EA495FE00875D6F /* HHH */ = {
			isa = PBXGroup;
			children = (
				5FCDD8A51EA49B2100875D6F /* AFNetworking */,
				5FCDD8751EA495FE00875D6F /* AppDelegate.h */,
				5FCDD8761EA495FE00875D6F /* AppDelegate.m */,
				5FCDD8781EA495FE00875D6F /* ViewController.h */,
				5FCDD8791EA495FE00875D6F /* ViewController.m */,
				5FCDD87B1EA495FE00875D6F /* Main.storyboard */,
				5FCDD87E1EA495FE00875D6F /* Assets.xcassets */,
				5FCDD8801EA495FE00875D6F /* LaunchScreen.storyboard */,
				5FCDD8831EA495FE00875D6F /* Info.plist */,
				5FCDD8721EA495FE00875D6F /* Supporting Files */,
			);
			path = HHH;
			sourceTree = "<group>";
		};
		5FCDD8721EA495FE00875D6F /* Supporting Files */ = {
			isa = PBXGroup;
			children = (
				5FCDD8731EA495FE00875D6F /* main.m */,
			);
			name = "Supporting Files";
			sourceTree = "<group>";
		};
		5FCDD88B1EA495FE00875D6F /* HHHTests */ = {
			isa = PBXGroup;
			children = (
				5FCDD88C1EA495FE00875D6F /* HHHTests.m */,
				5FCDD88E1EA495FE00875D6F /* Info.plist */,
			);
			path = HHHTests;
			sourceTree = "<group>";
		};
		5FCDD8961EA495FE00875D6F /* HHHUITests */ = {
			isa = PBXGroup;
			children = (
				5FCDD8971EA495FE00875D6F /* HHHUITests.m */,
				5FCDD8991EA495FE00875D6F /* Info.plist */,
			);
			path = HHHUITests;
			sourceTree = "<group>";
		};
		5FCDD8A51EA49B2100875D6F /* AFNetworking */ = {
			isa = PBXGroup;
			children = (
				5FCDD8A61EA49B2100875D6F /* AFNetworking */,
				5FCDD8B41EA49B2100875D6F /* UIKit+AFNetworking */,
			);
			path = AFNetworking;
			sourceTree = "<group>";
		};
		5FCDD8A61EA49B2100875D6F /* AFNetworking */ = {
			isa = PBXGroup;
			children = (
				5FCDD8A71EA49B2100875D6F /* AFHTTPSessionManager.h */,
				5FCDD8A81EA49B2100875D6F /* AFHTTPSessionManager.m */,
				5FCDD8A91EA49B2100875D6F /* AFNetworking.h */,
				5FCDD8AA1EA49B2100875D6F /* AFNetworkReachabilityManager.h */,
				5FCDD8AB1EA49B2100875D6F /* AFNetworkReachabilityManager.m */,
				5FCDD8AC1EA49B2100875D6F /* AFSecurityPolicy.h */,
				5FCDD8AD1EA49B2100875D6F /* AFSecurityPolicy.m */,
				5FCDD8AE1EA49B2100875D6F /* AFURLRequestSerialization.h */,
				5FCDD8AF1EA49B2100875D6F /* AFURLRequestSerialization.m */,
				5FCDD8B01EA49B2100875D6F /* AFURLResponseSerialization.h */,
				5FCDD8B11EA49B2100875D6F /* AFURLResponseSerialization.m */,
				5FCDD8B21EA49B2100875D6F /* AFURLSessionManager.h */,
				5FCDD8B31EA49B2100875D6F /* AFURLSessionManager.m */,
			);
			path = AFNetworking;
			sourceTree = "<group>";
		};
		5FCDD8B41EA49B2100875D6F /* UIKit+AFNetworking */ = {
			isa = PBXGroup;
			children = (
				5FCDD8B51EA49B2100875D6F /* AFAutoPurgingImageCache.h */,
				5FCDD8B61EA49B2100875D6F /* AFAutoPurgingImageCache.m */,
				5FCDD8B71EA49B2100875D6F /* AFImageDownloader.h */,
				5FCDD8B81EA49B2100875D6F /* AFImageDownloader.m */,
				5FCDD8B91EA49B2100875D6F /* AFNetworkActivityIndicatorManager.h */,
				5FCDD8BA1EA49B2100875D6F /* AFNetworkActivityIndicatorManager.m */,
				5FCDD8BB1EA49B2100875D6F /* UIActivityIndicatorView+AFNetworking.h */,
				5FCDD8BC1EA49B2100875D6F /* UIActivityIndicatorView+AFNetworking.m */,
				5FCDD8BD1EA49B2100875D6F /* UIButton+AFNetworking.h */,
				5FCDD8BE1EA49B2100875D6F /* UIButton+AFNetworking.m */,
				5FCDD8BF1EA49B2100875D6F /* UIImage+AFNetworking.h */,
				5FCDD8C01EA49B2100875D6F /* UIImageView+AFNetworking.h */,
				5FCDD8C11EA49B2100875D6F /* UIImageView+AFNetworking.m */,
				5FCDD8C21EA49B2100875D6F /* UIKit+AFNetworking.h */,
				5FCDD8C31EA49B2100875D6F /* UIProgressView+AFNetworking.h */,
				5FCDD8C41EA49B2100875D6F /* UIProgressView+AFNetworking.m */,
				5FCDD8C51EA49B2100875D6F /* UIRefreshControl+AFNetworking.h */,
				5FCDD8C61EA49B2100875D6F /* UIRefreshControl+AFNetworking.m */,
				5FCDD8C71EA49B2100875D6F /* UIWebView+AFNetworking.h */,
				5FCDD8C81EA49B2100875D6F /* UIWebView+AFNetworking.m */,
			);
			path = "UIKit+AFNetworking";
			sourceTree = "<group>";
		};
/* End PBXGroup section */

/* Begin PBXNativeTarget section */
		5FCDD86E1EA495FE00875D6F /* HHH */ = {
			isa = PBXNativeTarget;
			buildConfigurationList = 5FCDD89C1EA495FE00875D6F /* Build configuration list for PBXNativeTarget "HHH" */;
			buildPhases = (
				5FCDD86B1EA495FE00875D6F /* Sources */,
				5FCDD86C1EA495FE00875D6F /* Frameworks */,
				5FCDD86D1EA495FE00875D6F /* Resources */,
			);
			buildRules = (
			);
			dependencies = (
			);
			name = HHH;
			productName = HHH;
			productReference = 5FCDD86F1EA495FE00875D6F /* HHH.app */;
			productType = "com.apple.product-type.application";
		};
		5FCDD8871EA495FE00875D6F /* HHHTests */ = {
			isa = PBXNativeTarget;
			buildConfigurationList = 5FCDD89F1EA495FE00875D6F /* Build configuration list for PBXNativeTarget "HHHTests" */;
			buildPhases = (
				5FCDD8841EA495FE00875D6F /* Sources */,
				5FCDD8851EA495FE00875D6F /* Frameworks */,
				5FCDD8861EA495FE00875D6F /* Resources */,
			);
			buildRules = (
			);
			dependencies = (
				5FCDD88A1EA495FE00875D6F /* PBXTargetDependency */,
			);
			name = HHHTests;
			productName = HHHTests;
			productReference = 5FCDD8881EA495FE00875D6F /* HHHTests.xctest */;
			productType = "com.apple.product-type.bundle.unit-test";
		};
		5FCDD8921EA495FE00875D6F /* HHHUITests */ = {
			isa = PBXNativeTarget;
			buildConfigurationList = 5FCDD8A21EA495FE00875D6F /* Build configuration list for PBXNativeTarget "HHHUITests" */;
			buildPhases = (
				5FCDD88F1EA495FE00875D6F /* Sources */,
				5FCDD8901EA495FE00875D6F /* Frameworks */,
				5FCDD8911EA495FE00875D6F /* Resources */,
			);
			buildRules = (
			);
			dependencies = (
				5FCDD8951EA495FE00875D6F /* PBXTargetDependency */,
			);
			name = HHHUITests;
			productName = HHHUITests;
			productReference = 5FCDD8931EA495FE00875D6F /* HHHUITests.xctest */;
			productType = "com.apple.product-type.bundle.ui-testing";
		};
/* End PBXNativeTarget section */

/* Begin PBXProject section */
		5FCDD8671EA495FE00875D6F /* Project object */ = {
			isa = PBXProject;
			attributes = {
				LastUpgradeCheck = 0820;
				ORGANIZATIONNAME = zjlzjl;
				TargetAttributes = {
					5FCDD86E1EA495FE00875D6F = {
						CreatedOnToolsVersion = 8.2;
						DevelopmentTeam = 4877NTFFXU;
						ProvisioningStyle = Automatic;
					};
					5FCDD8871EA495FE00875D6F = {
						CreatedOnToolsVersion = 8.2;
						ProvisioningStyle = Automatic;
						TestTargetID = 5FCDD86E1EA495FE00875D6F;
					};
					5FCDD8921EA495FE00875D6F = {
						CreatedOnToolsVersion = 8.2;
						ProvisioningStyle = Automatic;
						TestTargetID = 5FCDD86E1EA495FE00875D6F;
					};
				};
			};
			buildConfigurationList = 5FCDD86A1EA495FE00875D6F /* Build configuration list for PBXProject "HHH" */;
			compatibilityVersion = "Xcode 3.2";
			developmentRegion = English;
			hasScannedForEncodings = 0;
			knownRegions = (
				en,
				Base,
			);
			mainGroup = 5FCDD8661EA495FE00875D6F;
			productRefGroup = 5FCDD8701EA495FE00875D6F /* Products */;
			projectDirPath = "";
			projectRoot = "";
			targets = (
				5FCDD86E1EA495FE00875D6F /* HHH */,
				5FCDD8871EA495FE00875D6F /* HHHTests */,
				5FCDD8921EA495FE00875D6F /* HHHUITests */,
			);
		};
/* End PBXProject section */

/* Begin PBXResourcesBuildPhase section */
		5FCDD86D1EA495FE00875D6F /* Resources */ = {
			isa = PBXResourcesBuildPhase;
			buildActionMask = 2147483647;
			files = (
				5FCDD8821EA495FE00875D6F /* LaunchScreen.storyboard in Resources */,
				5FCDD87F1EA495FE00875D6F /* Assets.xcassets in Resources */,
				5FCDD87D1EA495FE00875D6F /* Main.storyboard in Resources */,
			);
			runOnlyForDeploymentPostprocessing = 0;
		};
		5FCDD8861EA495FE00875D6F /* Resources */ = {
			isa = PBXResourcesBuildPhase;
			buildActionMask = 2147483647;
			files = (
			);
			runOnlyForDeploymentPostprocessing = 0;
		};
		5FCDD8911EA495FE00875D6F /* Resources */ = {
			isa = PBXResourcesBuildPhase;
			buildActionMask = 2147483647;
			files = (
			);
			runOnlyForDeploymentPostprocessing = 0;
		};
/* End PBXResourcesBuildPhase section */

/* Begin PBXSourcesBuildPhase section */
		5FCDD86B1EA495FE00875D6F /* Sources */ = {
			isa = PBXSourcesBuildPhase;
			buildActionMask = 2147483647;
			files = (
				5FCDD8D51EA49B2100875D6F /* UIProgressView+AFNetworking.m in Sources */,
				5FCDD8CE1EA49B2100875D6F /* AFURLSessionManager.m in Sources */,
				5FCDD8D71EA49B2100875D6F /* UIWebView+AFNetworking.m in Sources */,
				5FCDD8D41EA49B2100875D6F /* UIImageView+AFNetworking.m in Sources */,
				5FCDD87A1EA495FE00875D6F /* ViewController.m in Sources */,
				5FCDD8D31EA49B2100875D6F /* UIButton+AFNetworking.m in Sources */,
				5FCDD8771EA495FE00875D6F /* AppDelegate.m in Sources */,
				5FCDD8CA1EA49B2100875D6F /* AFNetworkReachabilityManager.m in Sources */,
				5FCDD8D61EA49B2100875D6F /* UIRefreshControl+AFNetworking.m in Sources */,
				5FCDD8741EA495FE00875D6F /* main.m in Sources */,
				5FCDD8CF1EA49B2100875D6F /* AFAutoPurgingImageCache.m in Sources */,
				5FCDD8CB1EA49B2100875D6F /* AFSecurityPolicy.m in Sources */,
				5FCDD8CC1EA49B2100875D6F /* AFURLRequestSerialization.m in Sources */,
				5FCDD8D11EA49B2100875D6F /* AFNetworkActivityIndicatorManager.m in Sources */,
				5FCDD8CD1EA49B2100875D6F /* AFURLResponseSerialization.m in Sources */,
				5FCDD8C91EA49B2100875D6F /* AFHTTPSessionManager.m in Sources */,
				5FCDD8D01EA49B2100875D6F /* AFImageDownloader.m in Sources */,
				5FCDD8D21EA49B2100875D6F /* UIActivityIndicatorView+AFNetworking.m in Sources */,
			);
			runOnlyForDeploymentPostprocessing = 0;
		};
		5FCDD8841EA495FE00875D6F /* Sources */ = {
			isa = PBXSourcesBuildPhase;
			buildActionMask = 2147483647;
			files = (
				5FCDD88D1EA495FE00875D6F /* HHHTests.m in Sources */,
			);
			runOnlyForDeploymentPostprocessing = 0;
		};
		5FCDD88F1EA495FE00875D6F /* Sources */ = {
			isa = PBXSourcesBuildPhase;
			buildActionMask = 2147483647;
			files = (
				5FCDD8981EA495FE00875D6F /* HHHUITests.m in Sources */,
			);
			runOnlyForDeploymentPostprocessing = 0;
		};
/* End PBXSourcesBuildPhase section */

/* Begin PBXTargetDependency section */
		5FCDD88A1EA495FE00875D6F /* PBXTargetDependency */ = {
			isa = PBXTargetDependency;
			target = 5FCDD86E1EA495FE00875D6F /* HHH */;
			targetProxy = 5FCDD8891EA495FE00875D6F /* PBXContainerItemProxy */;
		};
		5FCDD8951EA495FE00875D6F /* PBXTargetDependency */ = {
			isa = PBXTargetDependency;
			target = 5FCDD86E1EA495FE00875D6F /* HHH */;
			targetProxy = 5FCDD8941EA495FE00875D6F /* PBXContainerItemProxy */;
		};
/* End PBXTargetDependency section */

/* Begin PBXVariantGroup section */
		5FCDD87B1EA495FE00875D6F /* Main.storyboard */ = {
			isa = PBXVariantGroup;
			children = (
				5FCDD87C1EA495FE00875D6F /* Base */,
			);
			name = Main.storyboard;
			sourceTree = "<group>";
		};
		5FCDD8801EA495FE00875D6F /* LaunchScreen.storyboard */ = {
			isa = PBXVariantGroup;
			children = (
				5FCDD8811EA495FE00875D6F /* Base */,
			);
			name = LaunchScreen.storyboard;
			sourceTree = "<group>";
		};
/* End PBXVariantGroup section */

/* Begin XCBuildConfiguration section */
		5FCDD89A1EA495FE00875D6F /* Debug */ = {
			isa = XCBuildConfiguration;
			buildSettings = {
				ALWAYS_SEARCH_USER_PATHS = NO;
				CLANG_ANALYZER_NONNULL = YES;
				CLANG_CXX_LANGUAGE_STANDARD = "gnu++0x";
				CLANG_CXX_LIBRARY = "libc++";
				CLANG_ENABLE_MODULES = YES;
				CLANG_ENABLE_OBJC_ARC = YES;
				CLANG_WARN_BOOL_CONVERSION = YES;
				CLANG_WARN_CONSTANT_CONVERSION = YES;
				CLANG_WARN_DIRECT_OBJC_ISA_USAGE = YES_ERROR;
				CLANG_WARN_DOCUMENTATION_COMMENTS = YES;
				CLANG_WARN_EMPTY_BODY = YES;
				CLANG_WARN_ENUM_CONVERSION = YES;
				CLANG_WARN_INFINITE_RECURSION = YES;
				CLANG_WARN_INT_CONVERSION = YES;
				CLANG_WARN_OBJC_ROOT_CLASS = YES_ERROR;
				CLANG_WARN_SUSPICIOUS_MOVE = YES;
				CLANG_WARN_UNREACHABLE_CODE = YES;
				CLANG_WARN__DUPLICATE_METHOD_MATCH = YES;
				"CODE_SIGN_IDENTITY[sdk=iphoneos*]" = "iPhone Developer";
				COPY_PHASE_STRIP = NO;
				DEBUG_INFORMATION_FORMAT = dwarf;
				ENABLE_STRICT_OBJC_MSGSEND = YES;
				ENABLE_TESTABILITY = YES;
				GCC_C_LANGUAGE_STANDARD = gnu99;
				GCC_DYNAMIC_NO_PIC = NO;
				GCC_NO_COMMON_BLOCKS = YES;
				GCC_OPTIMIZATION_LEVEL = 0;
				GCC_PREPROCESSOR_DEFINITIONS = (
					"DEBUG=1",
					"$(inherited)",
				);
				GCC_WARN_64_TO_32_BIT_CONVERSION = YES;
				GCC_WARN_ABOUT_RETURN_TYPE = YES_ERROR;
				GCC_WARN_UNDECLARED_SELECTOR = YES;
				GCC_WARN_UNINITIALIZED_AUTOS = YES_AGGRESSIVE;
				GCC_WARN_UNUSED_FUNCTION = YES;
				GCC_WARN_UNUSED_VARIABLE = YES;
				IPHONEOS_DEPLOYMENT_TARGET = 10.2;
				MTL_ENABLE_DEBUG_INFO = YES;
				ONLY_ACTIVE_ARCH = YES;
				SDKROOT = iphoneos;
			};
			name = Debug;
		};
		5FCDD89B1EA495FE00875D6F /* Release */ = {
			isa = XCBuildConfiguration;
			buildSettings = {
				ALWAYS_SEARCH_USER_PATHS = NO;
				CLANG_ANALYZER_NONNULL = YES;
				CLANG_CXX_LANGUAGE_STANDARD = "gnu++0x";
				CLANG_CXX_LIBRARY = "libc++";
				CLANG_ENABLE_MODULES = YES;
				CLANG_ENABLE_OBJC_ARC = YES;
				CLANG_WARN_BOOL_CONVERSION = YES;
				CLANG_WARN_CONSTANT_CONVERSION = YES;
				CLANG_WARN_DIRECT_OBJC_ISA_USAGE = YES_ERROR;
				CLANG_WARN_DOCUMENTATION_COMMENTS = YES;
				CLANG_WARN_EMPTY_BODY = YES;
				CLANG_WARN_ENUM_CONVERSION = YES;
				CLANG_WARN_INFINITE_RECURSION = YES;
				CLANG_WARN_INT_CONVERSION = YES;
				CLANG_WARN_OBJC_ROOT_CLASS = YES_ERROR;
				CLANG_WARN_SUSPICIOUS_MOVE = YES;
				CLANG_WARN_UNREACHABLE_CODE = YES;
				CLANG_WARN__DUPLICATE_METHOD_MATCH = YES;
				"CODE_SIGN_IDENTITY[sdk=iphoneos*]" = "iPhone Developer";
				COPY_PHASE_STRIP = NO;
				DEBUG_INFORMATION_FORMAT = "dwarf-with-dsym";
				ENABLE_NS_ASSERTIONS = NO;
				ENABLE_STRICT_OBJC_MSGSEND = YES;
				GCC_C_LANGUAGE_STANDARD = gnu99;
				GCC_NO_COMMON_BLOCKS = YES;
				GCC_WARN_64_TO_32_BIT_CONVERSION = YES;
				GCC_WARN_ABOUT_RETURN_TYPE = YES_ERROR;
				GCC_WARN_UNDECLARED_SELECTOR = YES;
				GCC_WARN_UNINITIALIZED_AUTOS = YES_AGGRESSIVE;
				GCC_WARN_UNUSED_FUNCTION = YES;
				GCC_WARN_UNUSED_VARIABLE = YES;
				IPHONEOS_DEPLOYMENT_TARGET = 10.2;
				MTL_ENABLE_DEBUG_INFO = NO;
				SDKROOT = iphoneos;
				VALIDATE_PRODUCT = YES;
			};
			name = Release;
		};
		5FCDD89D1EA495FE00875D6F /* Debug */ = {
			isa = XCBuildConfiguration;
			buildSettings = {
				ASSETCATALOG_COMPILER_APPICON_NAME = AppIcon;
				CODE_SIGN_IDENTITY = "iPhone Developer";
				"CODE_SIGN_IDENTITY[sdk=iphoneos*]" = "iPhone Developer";
				DEVELOPMENT_TEAM = 4877NTFFXU;
				INFOPLIST_FILE = HHH/Info.plist;
				IPHONEOS_DEPLOYMENT_TARGET = 8.0;
				LD_RUNPATH_SEARCH_PATHS = "$(inherited) @executable_path/Frameworks";
				PRODUCT_BUNDLE_IDENTIFIER = zjlch.HHH;
				PRODUCT_NAME = "$(TARGET_NAME)";
				PROVISIONING_PROFILE_SPECIFIER = "";
			};
			name = Debug;
		};
		5FCDD89E1EA495FE00875D6F /* Release */ = {
			isa = XCBuildConfiguration;
			buildSettings = {
				ASSETCATALOG_COMPILER_APPICON_NAME = AppIcon;
				CODE_SIGN_IDENTITY = "iPhone Developer";
				"CODE_SIGN_IDENTITY[sdk=iphoneos*]" = "iPhone Developer";
				DEVELOPMENT_TEAM = 4877NTFFXU;
				INFOPLIST_FILE = HHH/Info.plist;
				IPHONEOS_DEPLOYMENT_TARGET = 8.0;
				LD_RUNPATH_SEARCH_PATHS = "$(inherited) @executable_path/Frameworks";
				PRODUCT_BUNDLE_IDENTIFIER = zjlch.HHH;
				PRODUCT_NAME = "$(TARGET_NAME)";
				PROVISIONING_PROFILE_SPECIFIER = "";
			};
			name = Release;
		};
		5FCDD8A01EA495FE00875D6F /* Debug */ = {
			isa = XCBuildConfiguration;
			buildSettings = {
				BUNDLE_LOADER = "$(TEST_HOST)";
				INFOPLIST_FILE = HHHTests/Info.plist;
				LD_RUNPATH_SEARCH_PATHS = "$(inherited) @executable_path/Frameworks @loader_path/Frameworks";
				PRODUCT_BUNDLE_IDENTIFIER = zjlch.HHHTests;
				PRODUCT_NAME = "$(TARGET_NAME)";
				TEST_HOST = "$(BUILT_PRODUCTS_DIR)/HHH.app/HHH";
			};
			name = Debug;
		};
		5FCDD8A11EA495FE00875D6F /* Release */ = {
			isa = XCBuildConfiguration;
			buildSettings = {
				BUNDLE_LOADER = "$(TEST_HOST)";
				INFOPLIST_FILE = HHHTests/Info.plist;
				LD_RUNPATH_SEARCH_PATHS = "$(inherited) @executable_path/Frameworks @loader_path/Frameworks";
				PRODUCT_BUNDLE_IDENTIFIER = zjlch.HHHTests;
				PRODUCT_NAME = "$(TARGET_NAME)";
				TEST_HOST = "$(BUILT_PRODUCTS_DIR)/HHH.app/HHH";
			};
			name = Release;
		};
		5FCDD8A31EA495FE00875D6F /* Debug */ = {
			isa = XCBuildConfiguration;
			buildSettings = {
				INFOPLIST_FILE = HHHUITests/Info.plist;
				LD_RUNPATH_SEARCH_PATHS = "$(inherited) @executable_path/Frameworks @loader_path/Frameworks";
				PRODUCT_BUNDLE_IDENTIFIER = zjlch.HHHUITests;
				PRODUCT_NAME = "$(TARGET_NAME)";
				TEST_TARGET_NAME = HHH;
			};
			name = Debug;
		};
		5FCDD8A41EA495FE00875D6F /* Release */ = {
			isa = XCBuildConfiguration;
			buildSettings = {
				INFOPLIST_FILE = HHHUITests/Info.plist;
				LD_RUNPATH_SEARCH_PATHS = "$(inherited) @executable_path/Frameworks @loader_path/Frameworks";
				PRODUCT_BUNDLE_IDENTIFIER = zjlch.HHHUITests;
				PRODUCT_NAME = "$(TARGET_NAME)";
				TEST_TARGET_NAME = HHH;
			};
			name = Release;
		};
/* End XCBuildConfiguration section */

/* Begin XCConfigurationList section */
		5FCDD86A1EA495FE00875D6F /* Build configuration list for PBXProject "HHH" */ = {
			isa = XCConfigurationList;
			buildConfigurations = (
				5FCDD89A1EA495FE00875D6F /* Debug */,
				5FCDD89B1EA495FE00875D6F /* Release */,
			);
			defaultConfigurationIsVisible = 0;
			defaultConfigurationName = Release;
		};
		5FCDD89C1EA495FE00875D6F /* Build configuration list for PBXNativeTarget "HHH" */ = {
			isa = XCConfigurationList;
			buildConfigurations = (
				5FCDD89D1EA495FE00875D6F /* Debug */,
				5FCDD89E1EA495FE00875D6F /* Release */,
			);
			defaultConfigurationIsVisible = 0;
			defaultConfigurationName = Release;
		};
		5FCDD89F1EA495FE00875D6F /* Build configuration list for PBXNativeTarget "HHHTests" */ = {
			isa = XCConfigurationList;
			buildConfigurations = (
				5FCDD8A01EA495FE00875D6F /* Debug */,
				5FCDD8A11EA495FE00875D6F /* Release */,
			);
			defaultConfigurationIsVisible = 0;
			defaultConfigurationName = Release;
		};
		5FCDD8A21EA495FE00875D6F /* Build configuration list for PBXNativeTarget "HHHUITests" */ = {
			isa = XCConfigurationList;
			buildConfigurations = (
				5FCDD8A31EA495FE00875D6F /* Debug */,
				5FCDD8A41EA495FE00875D6F /* Release */,
			);
			defaultConfigurationIsVisible = 0;
			defaultConfigurationName = Release;
		};
/* End XCConfigurationList section */
	};
	rootObject = 5FCDD8671EA495FE00875D6F /* Project object */;
}
